
Microsoft Visual Studio Solution File, Format Version 12.00
# Visual Studio Version 17
VisualStudioVersion = 17.3.32929.385
MinimumVisualStudioVersion = 10.0.40219.1
Project("{FAE04EC0-301F-11D3-BF4B-00C04F79EFBC}") = "InfoExplorer", "InfoExplorer\InfoExplorer.csproj", "{6FABFE82-EE17-4FA4-9E4F-99AA2BE82E43}"
EndProject
Global
	GlobalSection(SolutionConfigurationPlatforms) = preSolution
		Debug|Any CPU = Debug|Any CPU
		Release|Any CPU = Release|Any CPU
	EndGlobalSection
	GlobalSection(ProjectConfigurationPlatforms) = postSolution
		{6FABFE82-EE17-4FA4-9E4F-99AA2BE82E43}.Debug|Any CPU.ActiveCfg = Debug|Any CPU
		{6FABFE82-EE17-4FA4-9E4F-99AA2BE82E43}.Debug|Any CPU.Build.0 = Debug|Any CPU
		{6FABFE82-EE17-4FA4-9E4F-99AA2BE82E43}.Release|Any CPU.ActiveCfg = Release|Any CPU
		{6FABFE82-EE17-4FA4-9E4F-99AA2BE82E43}.Release|Any CPU.Build.0 = Release|Any CPU
	EndGlobalSection
	GlobalSection(SolutionProperties) = preSolution
		HideSolutionNode = FALSE
	EndGlobalSection
	GlobalSection(ExtensibilityGlobals) = postSolution
		SolutionGuid = {7FD1AD49-05FE-4A36-B84E-E8FE937A365D}
	EndGlobalSection
EndGlobal
